{
    "_meta": {
        "hash": {
            "sha256": "905f1dcd13275b272af9148b44c296c262abef0c5393fa9601a56fd10fd6ca7f"
        },
        "pipfile-spec": 6,
        "requires": {
            "python_version": "3.10"
        },
        "sources": [
            {
                "name": "pip_conf_index_global",
                "url": "https://pypi.mirrors.ustc.edu.cn/simple/",
                "verify_ssl": false
            }
        ]
    },
    "default": {
        "certifi": {
            "hashes": [
                "sha256:539cc1d13202e33ca466e88b2807e29f4c13049d6d87031a3c110744495cb082",
                "sha256:92d6037539857d8206b8f6ae472e8b77db8058fec5937a1ef3f54304089edbb9"
            ],
            "markers": "python_version >= '3.6'",
            "version": "==2023.7.22"
        },
        "charset-normalizer": {
            "hashes": [
                "sha256:04e57ab9fbf9607b77f7d057974694b4f6b142da9ed4a199859d9d4d5c63fe96",
                "sha256:09393e1b2a9461950b1c9a45d5fd251dc7c6f228acab64da1c9c0165d9c7765c",
                "sha256:0b87549028f680ca955556e3bd57013ab47474c3124dc069faa0b6545b6c9710",
                "sha256:1000fba1057b92a65daec275aec30586c3de2401ccdcd41f8a5c1e2c87078706",
                "sha256:1249cbbf3d3b04902ff081ffbb33ce3377fa6e4c7356f759f3cd076cc138d020",
                "sha256:1920d4ff15ce893210c1f0c0e9d19bfbecb7983c76b33f046c13a8ffbd570252",
                "sha256:193cbc708ea3aca45e7221ae58f0fd63f933753a9bfb498a3b474878f12caaad",
                "sha256:1a100c6d595a7f316f1b6f01d20815d916e75ff98c27a01ae817439ea7726329",
                "sha256:1f30b48dd7fa1474554b0b0f3fdfdd4c13b5c737a3c6284d3cdc424ec0ffff3a",
                "sha256:203f0c8871d5a7987be20c72442488a0b8cfd0f43b7973771640fc593f56321f",
                "sha256:246de67b99b6851627d945db38147d1b209a899311b1305dd84916f2b88526c6",
                "sha256:2dee8e57f052ef5353cf608e0b4c871aee320dd1b87d351c28764fc0ca55f9f4",
                "sha256:2efb1bd13885392adfda4614c33d3b68dee4921fd0ac1d3988f8cbb7d589e72a",
                "sha256:2f4ac36d8e2b4cc1aa71df3dd84ff8efbe3bfb97ac41242fbcfc053c67434f46",
                "sha256:3170c9399da12c9dc66366e9d14da8bf7147e1e9d9ea566067bbce7bb74bd9c2",
                "sha256:3b1613dd5aee995ec6d4c69f00378bbd07614702a315a2cf6c1d21461fe17c23",
                "sha256:3bb3d25a8e6c0aedd251753a79ae98a093c7e7b471faa3aa9a93a81431987ace",
                "sha256:3bb7fda7260735efe66d5107fb7e6af6a7c04c7fce9b2514e04b7a74b06bf5dd",
                "sha256:41b25eaa7d15909cf3ac4c96088c1f266a9a93ec44f87f1d13d4a0e86c81b982",
                "sha256:45de3f87179c1823e6d9e32156fb14c1927fcc9aba21433f088fdfb555b77c10",
                "sha256:46fb8c61d794b78ec7134a715a3e564aafc8f6b5e338417cb19fe9f57a5a9bf2",
                "sha256:48021783bdf96e3d6de03a6e39a1171ed5bd7e8bb93fc84cc649d11490f87cea",
                "sha256:4957669ef390f0e6719db3613ab3a7631e68424604a7b448f079bee145da6e09",
                "sha256:5e86d77b090dbddbe78867a0275cb4df08ea195e660f1f7f13435a4649e954e5",
                "sha256:6339d047dab2780cc6220f46306628e04d9750f02f983ddb37439ca47ced7149",
                "sha256:681eb3d7e02e3c3655d1b16059fbfb605ac464c834a0c629048a30fad2b27489",
                "sha256:6c409c0deba34f147f77efaa67b8e4bb83d2f11c8806405f76397ae5b8c0d1c9",
                "sha256:7095f6fbfaa55defb6b733cfeb14efaae7a29f0b59d8cf213be4e7ca0b857b80",
                "sha256:70c610f6cbe4b9fce272c407dd9d07e33e6bf7b4aa1b7ffb6f6ded8e634e3592",
                "sha256:72814c01533f51d68702802d74f77ea026b5ec52793c791e2da806a3844a46c3",
                "sha256:7a4826ad2bd6b07ca615c74ab91f32f6c96d08f6fcc3902ceeedaec8cdc3bcd6",
                "sha256:7c70087bfee18a42b4040bb9ec1ca15a08242cf5867c58726530bdf3945672ed",
                "sha256:855eafa5d5a2034b4621c74925d89c5efef61418570e5ef9b37717d9c796419c",
                "sha256:8700f06d0ce6f128de3ccdbc1acaea1ee264d2caa9ca05daaf492fde7c2a7200",
                "sha256:89f1b185a01fe560bc8ae5f619e924407efca2191b56ce749ec84982fc59a32a",
                "sha256:8b2c760cfc7042b27ebdb4a43a4453bd829a5742503599144d54a032c5dc7e9e",
                "sha256:8c2f5e83493748286002f9369f3e6607c565a6a90425a3a1fef5ae32a36d749d",
                "sha256:8e098148dd37b4ce3baca71fb394c81dc5d9c7728c95df695d2dca218edf40e6",
                "sha256:94aea8eff76ee6d1cdacb07dd2123a68283cb5569e0250feab1240058f53b623",
                "sha256:95eb302ff792e12aba9a8b8f8474ab229a83c103d74a750ec0bd1c1eea32e669",
                "sha256:9bd9b3b31adcb054116447ea22caa61a285d92e94d710aa5ec97992ff5eb7cf3",
                "sha256:9e608aafdb55eb9f255034709e20d5a83b6d60c054df0802fa9c9883d0a937aa",
                "sha256:a103b3a7069b62f5d4890ae1b8f0597618f628b286b03d4bc9195230b154bfa9",
                "sha256:a386ebe437176aab38c041de1260cd3ea459c6ce5263594399880bbc398225b2",
                "sha256:a38856a971c602f98472050165cea2cdc97709240373041b69030be15047691f",
                "sha256:a401b4598e5d3f4a9a811f3daf42ee2291790c7f9d74b18d75d6e21dda98a1a1",
                "sha256:a7647ebdfb9682b7bb97e2a5e7cb6ae735b1c25008a70b906aecca294ee96cf4",
                "sha256:aaf63899c94de41fe3cf934601b0f7ccb6b428c6e4eeb80da72c58eab077b19a",
                "sha256:b0dac0ff919ba34d4df1b6131f59ce95b08b9065233446be7e459f95554c0dc8",
                "sha256:baacc6aee0b2ef6f3d308e197b5d7a81c0e70b06beae1f1fcacffdbd124fe0e3",
                "sha256:bf420121d4c8dce6b889f0e8e4ec0ca34b7f40186203f06a946fa0276ba54029",
                "sha256:c04a46716adde8d927adb9457bbe39cf473e1e2c2f5d0a16ceb837e5d841ad4f",
                "sha256:c0b21078a4b56965e2b12f247467b234734491897e99c1d51cee628da9786959",
                "sha256:c1c76a1743432b4b60ab3358c937a3fe1341c828ae6194108a94c69028247f22",
                "sha256:c4983bf937209c57240cff65906b18bb35e64ae872da6a0db937d7b4af845dd7",
                "sha256:c4fb39a81950ec280984b3a44f5bd12819953dc5fa3a7e6fa7a80db5ee853952",
                "sha256:c57921cda3a80d0f2b8aec7e25c8aa14479ea92b5b51b6876d975d925a2ea346",
                "sha256:c8063cf17b19661471ecbdb3df1c84f24ad2e389e326ccaf89e3fb2484d8dd7e",
                "sha256:ccd16eb18a849fd8dcb23e23380e2f0a354e8daa0c984b8a732d9cfaba3a776d",
                "sha256:cd6dbe0238f7743d0efe563ab46294f54f9bc8f4b9bcf57c3c666cc5bc9d1299",
                "sha256:d62e51710986674142526ab9f78663ca2b0726066ae26b78b22e0f5e571238dd",
                "sha256:db901e2ac34c931d73054d9797383d0f8009991e723dab15109740a63e7f902a",
                "sha256:e03b8895a6990c9ab2cdcd0f2fe44088ca1c65ae592b8f795c3294af00a461c3",
                "sha256:e1c8a2f4c69e08e89632defbfabec2feb8a8d99edc9f89ce33c4b9e36ab63037",
                "sha256:e4b749b9cc6ee664a3300bb3a273c1ca8068c46be705b6c31cf5d276f8628a94",
                "sha256:e6a5bf2cba5ae1bb80b154ed68a3cfa2fa00fde979a7f50d6598d3e17d9ac20c",
                "sha256:e857a2232ba53ae940d3456f7533ce6ca98b81917d47adc3c7fd55dad8fab858",
                "sha256:ee4006268ed33370957f55bf2e6f4d263eaf4dc3cfc473d1d90baff6ed36ce4a",
                "sha256:eef9df1eefada2c09a5e7a40991b9fc6ac6ef20b1372abd48d2794a316dc0449",
                "sha256:f058f6963fd82eb143c692cecdc89e075fa0828db2e5b291070485390b2f1c9c",
                "sha256:f25c229a6ba38a35ae6e25ca1264621cc25d4d38dca2942a7fce0b67a4efe918",
                "sha256:f2a1d0fd4242bd8643ce6f98927cf9c04540af6efa92323e9d3124f57727bfc1",
                "sha256:f7560358a6811e52e9c4d142d497f1a6e10103d3a6881f18d04dbce3729c0e2c",
                "sha256:f779d3ad205f108d14e99bb3859aa7dd8e9c68874617c72354d7ecaec2a054ac",
                "sha256:f87f746ee241d30d6ed93969de31e5ffd09a2961a051e60ae6bddde9ec3583aa"
            ],
            "markers": "python_full_version >= '3.7.0'",
            "version": "==3.2.0"
        },
        "colorama": {
            "hashes": [
                "sha256:08695f5cb7ed6e0531a20572697297273c47b8cae5a63ffc6d6ed5c201be6e44",
                "sha256:4f1d9991f5acc0ca119f9d443620b77f9d6b33703e51011c16baf57afb285fc6"
            ],
            "markers": "sys_platform == 'win32'",
            "version": "==0.4.6"
        },
        "idna": {
            "hashes": [
                "sha256:814f528e8dead7d329833b91c5faa87d60bf71824cd12a7530b5526063d02cb4",
                "sha256:90b77e79eaa3eba6de819a0c442c0b4ceefc341a7a2ab77d7562bf49f425c5c2"
            ],
            "markers": "python_version >= '3.5'",
            "version": "==3.4"
        },
        "loguru": {
            "hashes": [
                "sha256:003d71e3d3ed35f0f8984898359d65b79e5b21943f78af86aa5491210429b8eb",
                "sha256:e671a53522515f34fd406340ee968cb9ecafbc4b36c679da03c18fd8d0bd51ac"
            ],
            "index": "pip_conf_index_global",
            "version": "==0.7.2"
        },
        "pyjson5": {
            "hashes": [
                "sha256:003040f5bf600bbe498cebe6c0630675d4333ce9911cadf3631b9421219e9cc3",
                "sha256:00da46d7ddff6299660a0dc8d7fda00150feb42d5ba1ace082542637f171888d",
                "sha256:04554b8e8b94b6c2f888ef22eafea98c0e861b3737594e1de241e8102e7bf1ba",
                "sha256:04ff31f28a9285f017658b9641b91a1684cc787f8f4a89c322000c3c6fefa663",
                "sha256:0b10a796416ea6c3bc6db7bfd108abc0e34149d2ce5e68f15effaa401929f5c0",
                "sha256:15263d53eefb1ca20eaf9c60d588d76e638af99ae63bdec1db10d390e111b77d",
                "sha256:18b116ffedf7458e418106383508c68abd0c0f24e319651006d60e39c79b1e8d",
                "sha256:1a68726ed4af1e1e9f97420232f03d3fe73f1df0187bce18133d8eb5d8bb600b",
                "sha256:1d436b4d9e99bf5b04b916c850a4ad4c46e38c6ffe115d21332869e3b9f5acff",
                "sha256:23e66c568be56964a33fae39cf945977c679dec85b58c934780d87d80b189e26",
                "sha256:25d266f96c954af0a00d766c7d96c576086dfa53b74d3f71a9f287781d4e8b20",
                "sha256:2906523d57e0921e53ede805bc0bbac905e82862ceb0372d5e9739096debcc2a",
                "sha256:2a52eeacc8ab78c86cc79f0f6e74614e8fd4d5e751a1d63c41e2a93385706212",
                "sha256:35564845611192fbd11646e85317298cf3e21770178c2223c002675223dc4431",
                "sha256:35d8953a301df3089155989a6be68e6fc426e3aad88d6d9e4d97a1da8d00729e",
                "sha256:363e6e11de0248e68d498b73ce7ad3b62b78e72ef30a8341aa3f8a192f64f3bd",
                "sha256:377808c728c93a5733f5efc426d82e42a2067ac2d6435b284616f75f5c096ff4",
                "sha256:4224c8aa03655309bc4e37f240c03049324e3ca9cf500a27624d1aa10aa2a403",
                "sha256:44dc43f8223e2ff58fdc51e1f4794615e447a08d742203fe93be065e2daeb5fb",
                "sha256:46a31a13e5f2eb9c4fabd5cee9384c76eabfa6e773c895872ee25227c4803589",
                "sha256:46b2489ef39adeff8bf6c2d34b17fc2644eedd2a858f1dc2a7ec71d226f0a23c",
                "sha256:4c2e466f9b86de06ce123061e228b8b152d012a85a06e076274f31e6765c9973",
                "sha256:5910060a25b0d16fb69acf6666dac7f9af8ccce194281472283866f5ae069964",
                "sha256:638db2e1e63d28448fef41478c6cc1702f62b0dcb90f49743a7c0214143ab8be",
                "sha256:6830a9f026162961dd1dbfd3994441cbfda3e80c72060acdf320142126de40df",
                "sha256:71a2723e3b70fdc14d2b514caf7ad5df3a4b1ed63386de53aecd06998bbb5d81",
                "sha256:71f800376e530898c8bd04490f965950ece81b5f038c427d208a9ab64ebff815",
                "sha256:79174109960905f0dea7f1e65a85fc8721fefcfdcffdffaba82406dc9e440a30",
                "sha256:80dca57131f697a5f5031e9bc9d6aea583421d3625f584e7b73a294724aa98d1",
                "sha256:81f8d30fce7fa7742296b97330e288a7df6cb82073af4b69991911417def58f4",
                "sha256:83dd3177fb8dc0362745039975fa5f33dbbe7258a52897ed8281182453a1dc67",
                "sha256:8d2f105e894aaa1046406790d72393bae5d6cb15e5ee70e94dedb52b612e084c",
                "sha256:904cf3511c742d1922a9a67db40876dd201a45e253cb5a45b96fc50f8b959e6e",
                "sha256:9184257db7ab8af1cfd8422f802f0833d59ba849efc373a144fb35a921d7bf20",
                "sha256:921cc2f99af1595216ca1c078f6279792eb1b28783a0acc57213b5078d29c5b9",
                "sha256:930771fdf650246e9656fc5d0806b70ec3a9b4660a8a125bc42a8d24a5954343",
                "sha256:944884e7fd23a7afe6a07236906e072692a4636074bce144df540891649a468d",
                "sha256:95954d332093cb66bb4f663da31607770228e3c9a3d3d55d0d8aa9772266f8b2",
                "sha256:a9c1e457ee9949ab4da6e45635c9764692123d4c6439bd67f8437a7c3398bb1b",
                "sha256:aa1bf4eae0d1bbb60db07457b75b29e2b51c8c2180538a995ea1513d01028061",
                "sha256:b31a2d394a20de747eb4cd04ab73648391e7db0f6067e9a35fff03f94608b7e2",
                "sha256:b62ec9860147a0e8e0568a94e9bb34b14a9786ad2cb7927c83a9e58dbdcc715f",
                "sha256:b7b3ef86d0304521c3191e20761c9e0d958f556d9bc7489d82aad0e2362dda1e",
                "sha256:b80b289b92009c5144e52db16dfc46133c95add282058d55d52c06e7e85514d1",
                "sha256:b8465c48ac3933ac0c15e21d12089298d27462a3c26f8f00e848f8e566c20b66",
                "sha256:b991e8eb8a543b522d72c7ece22c00b2fc1d00e32ff1243dfb163ff7a2a22af9",
                "sha256:b9ce4b44a0bacc456f1c804821468a39845bdfcd338d9f9864494c02a890e4f5",
                "sha256:ba82aa9405f1f24805eb0073a7b10016ce2f192cd667e4cb58fc4802477392c6",
                "sha256:bc84d98e4cb64c2f9c64b45eb2ffde404f916d0a360674e1b77803edfe2f457d",
                "sha256:c8a9768dcdc77097d7d2742e1bcffd982d01b2d72a73807d7b4d21ae606237f1",
                "sha256:c952e7a62935f9c117303ffed90691377e3383faf4a953ce853bdca37aad7e28",
                "sha256:ca746c9d52b4aacef35da775e59abdeeb9d536d20a8a90929502740833d5ab1a",
                "sha256:d284c09fe2bd07ca974e64e947c9ee926b31ae9ec500994a12add42c89733279",
                "sha256:d28e8243de16e8894d8bf26ae11938481224ecf22cccab0ef8227f74843eb916",
                "sha256:d323c3222242e5c22bce33666777507acfef156e68736289444f44f9713d8fee",
                "sha256:d9a2bd16a3246c2704f2f20a97495a991685bbd387e3960cad700cdc7c7f9f26",
                "sha256:de71315a82e772e71b4c265c7fb43993fdefb4cb9b788aa760beb81ff0113deb",
                "sha256:e35718c621022b9d8b9f69637b5c9712c173d315ee13c411a2b6908cfb709e85",
                "sha256:e56a0804b72976f017b7379d0fbcc5c139d82f99f8f511f85a35f1192f742489",
                "sha256:e9edd7a0cb24bdf8d9ff3437f2c5b1efd70741bc4141d0770c6e035c3ec6d01d",
                "sha256:ebc2bcf18740520f26dfe2494df927e482fc0e00676f93d32a730589aaf6965f",
                "sha256:ec5022651945b32a679f1cf9825c7b552d26ec8461041210ec7572f8bfc9f2ca",
                "sha256:ed0073c925dc02cbda1ea1f2bf4f502440fcb51c105803c6d0318e33553ba2e3",
                "sha256:ee8ef9428d180fceb4dd90b0caeb5a3ddca01a7f5ca17f3984a38ac6c50cd4ca",
                "sha256:f5433346568e05de0c3a5d377f85143bcf7b1bd1cb6c6fb5302e12ceb24bc3af",
                "sha256:fce987ed3eaa33efe4a9ae5b5d1e8f70c3a9385cb85bd50ed92b585a7bea8e43"
            ],
            "index": "pip_conf_index_global",
            "version": "==1.6.4"
        },
        "requests": {
            "hashes": [
                "sha256:58cd2187c01e70e6e26505bca751777aa9f2ee0b7f4300988b709f44e013003f",
                "sha256:942c5a758f98d790eaed1a29cb6eefc7ffb0d1cf7af05c3d2791656dbd6ad1e1"
            ],
            "index": "pip_conf_index_global",
            "version": "==2.31.0"
        },
        "schedule": {
            "hashes": [
                "sha256:415908febaba0bc9a7c727a32efb407d646fe994367ef9157d123aabbe539ea8",
                "sha256:b4ad697aafba7184c9eb6a1e2ebc41f781547242acde8ceae9a0a25b04c0922d"
            ],
            "index": "pip_conf_index_global",
            "version": "==1.2.0"
        },
        "urllib3": {
            "hashes": [
                "sha256:13abf37382ea2ce6fb744d4dad67838eec857c9f4f57009891805e0b5e123594",
                "sha256:ef16afa8ba34a1f989db38e1dbbe0c302e4289a47856990d0682e374563ce35e"
            ],
            "markers": "python_version >= '3.7'",
            "version": "==2.0.5"
        },
        "websockets": {
            "hashes": [
                "sha256:01f5567d9cf6f502d655151645d4e8b72b453413d3819d2b6f1185abc23e82dd",
                "sha256:03aae4edc0b1c68498f41a6772d80ac7c1e33c06c6ffa2ac1c27a07653e79d6f",
                "sha256:0ac56b661e60edd453585f4bd68eb6a29ae25b5184fd5ba51e97652580458998",
                "sha256:0ee68fe502f9031f19d495dae2c268830df2760c0524cbac5d759921ba8c8e82",
                "sha256:1553cb82942b2a74dd9b15a018dce645d4e68674de2ca31ff13ebc2d9f283788",
                "sha256:1a073fc9ab1c8aff37c99f11f1641e16da517770e31a37265d2755282a5d28aa",
                "sha256:1d2256283fa4b7f4c7d7d3e84dc2ece74d341bce57d5b9bf385df109c2a1a82f",
                "sha256:1d5023a4b6a5b183dc838808087033ec5df77580485fc533e7dab2567851b0a4",
                "sha256:1fdf26fa8a6a592f8f9235285b8affa72748dc12e964a5518c6c5e8f916716f7",
                "sha256:2529338a6ff0eb0b50c7be33dc3d0e456381157a31eefc561771ee431134a97f",
                "sha256:279e5de4671e79a9ac877427f4ac4ce93751b8823f276b681d04b2156713b9dd",
                "sha256:2d903ad4419f5b472de90cd2d40384573b25da71e33519a67797de17ef849b69",
                "sha256:332d126167ddddec94597c2365537baf9ff62dfcc9db4266f263d455f2f031cb",
                "sha256:34fd59a4ac42dff6d4681d8843217137f6bc85ed29722f2f7222bd619d15e95b",
                "sha256:3580dd9c1ad0701169e4d6fc41e878ffe05e6bdcaf3c412f9d559389d0c9e016",
                "sha256:3ccc8a0c387629aec40f2fc9fdcb4b9d5431954f934da3eaf16cdc94f67dbfac",
                "sha256:41f696ba95cd92dc047e46b41b26dd24518384749ed0d99bea0a941ca87404c4",
                "sha256:42cc5452a54a8e46a032521d7365da775823e21bfba2895fb7b77633cce031bb",
                "sha256:4841ed00f1026dfbced6fca7d963c4e7043aa832648671b5138008dc5a8f6d99",
                "sha256:4b253869ea05a5a073ebfdcb5cb3b0266a57c3764cf6fe114e4cd90f4bfa5f5e",
                "sha256:54c6e5b3d3a8936a4ab6870d46bdd6ec500ad62bde9e44462c32d18f1e9a8e54",
                "sha256:619d9f06372b3a42bc29d0cd0354c9bb9fb39c2cbc1a9c5025b4538738dbffaf",
                "sha256:6505c1b31274723ccaf5f515c1824a4ad2f0d191cec942666b3d0f3aa4cb4007",
                "sha256:660e2d9068d2bedc0912af508f30bbeb505bbbf9774d98def45f68278cea20d3",
                "sha256:6681ba9e7f8f3b19440921e99efbb40fc89f26cd71bf539e45d8c8a25c976dc6",
                "sha256:68b977f21ce443d6d378dbd5ca38621755f2063d6fdb3335bda981d552cfff86",
                "sha256:69269f3a0b472e91125b503d3c0b3566bda26da0a3261c49f0027eb6075086d1",
                "sha256:6f1a3f10f836fab6ca6efa97bb952300b20ae56b409414ca85bff2ad241d2a61",
                "sha256:7622a89d696fc87af8e8d280d9b421db5133ef5b29d3f7a1ce9f1a7bf7fcfa11",
                "sha256:777354ee16f02f643a4c7f2b3eff8027a33c9861edc691a2003531f5da4f6bc8",
                "sha256:84d27a4832cc1a0ee07cdcf2b0629a8a72db73f4cf6de6f0904f6661227f256f",
                "sha256:8531fdcad636d82c517b26a448dcfe62f720e1922b33c81ce695d0edb91eb931",
                "sha256:86d2a77fd490ae3ff6fae1c6ceaecad063d3cc2320b44377efdde79880e11526",
                "sha256:88fc51d9a26b10fc331be344f1781224a375b78488fc343620184e95a4b27016",
                "sha256:8a34e13a62a59c871064dfd8ffb150867e54291e46d4a7cf11d02c94a5275bae",
                "sha256:8c82f11964f010053e13daafdc7154ce7385ecc538989a354ccc7067fd7028fd",
                "sha256:92b2065d642bf8c0a82d59e59053dd2fdde64d4ed44efe4870fa816c1232647b",
                "sha256:97b52894d948d2f6ea480171a27122d77af14ced35f62e5c892ca2fae9344311",
                "sha256:9d9acd80072abcc98bd2c86c3c9cd4ac2347b5a5a0cae7ed5c0ee5675f86d9af",
                "sha256:9f59a3c656fef341a99e3d63189852be7084c0e54b75734cde571182c087b152",
                "sha256:aa5003845cdd21ac0dc6c9bf661c5beddd01116f6eb9eb3c8e272353d45b3288",
                "sha256:b16fff62b45eccb9c7abb18e60e7e446998093cdcb50fed33134b9b6878836de",
                "sha256:b30c6590146e53149f04e85a6e4fcae068df4289e31e4aee1fdf56a0dead8f97",
                "sha256:b58cbf0697721120866820b89f93659abc31c1e876bf20d0b3d03cef14faf84d",
                "sha256:b67c6f5e5a401fc56394f191f00f9b3811fe843ee93f4a70df3c389d1adf857d",
                "sha256:bceab846bac555aff6427d060f2fcfff71042dba6f5fca7dc4f75cac815e57ca",
                "sha256:bee9fcb41db2a23bed96c6b6ead6489702c12334ea20a297aa095ce6d31370d0",
                "sha256:c114e8da9b475739dde229fd3bc6b05a6537a88a578358bc8eb29b4030fac9c9",
                "sha256:c1f0524f203e3bd35149f12157438f406eff2e4fb30f71221c8a5eceb3617b6b",
                "sha256:c792ea4eabc0159535608fc5658a74d1a81020eb35195dd63214dcf07556f67e",
                "sha256:c7f3cb904cce8e1be667c7e6fef4516b98d1a6a0635a58a57528d577ac18a128",
                "sha256:d67ac60a307f760c6e65dad586f556dde58e683fab03323221a4e530ead6f74d",
                "sha256:dcacf2c7a6c3a84e720d1bb2b543c675bf6c40e460300b628bab1b1efc7c034c",
                "sha256:de36fe9c02995c7e6ae6efe2e205816f5f00c22fd1fbf343d4d18c3d5ceac2f5",
                "sha256:def07915168ac8f7853812cc593c71185a16216e9e4fa886358a17ed0fd9fcf6",
                "sha256:df41b9bc27c2c25b486bae7cf42fccdc52ff181c8c387bfd026624a491c2671b",
                "sha256:e052b8467dd07d4943936009f46ae5ce7b908ddcac3fda581656b1b19c083d9b",
                "sha256:e063b1865974611313a3849d43f2c3f5368093691349cf3c7c8f8f75ad7cb280",
                "sha256:e1459677e5d12be8bbc7584c35b992eea142911a6236a3278b9b5ce3326f282c",
                "sha256:e1a99a7a71631f0efe727c10edfba09ea6bee4166a6f9c19aafb6c0b5917d09c",
                "sha256:e590228200fcfc7e9109509e4d9125eace2042fd52b595dd22bbc34bb282307f",
                "sha256:e6316827e3e79b7b8e7d8e3b08f4e331af91a48e794d5d8b099928b6f0b85f20",
                "sha256:e7837cb169eca3b3ae94cc5787c4fed99eef74c0ab9506756eea335e0d6f3ed8",
                "sha256:e848f46a58b9fcf3d06061d17be388caf70ea5b8cc3466251963c8345e13f7eb",
                "sha256:ed058398f55163a79bb9f06a90ef9ccc063b204bb346c4de78efc5d15abfe602",
                "sha256:f2e58f2c36cc52d41f2659e4c0cbf7353e28c8c9e63e30d8c6d3494dc9fdedcf",
                "sha256:f467ba0050b7de85016b43f5a22b46383ef004c4f672148a8abf32bc999a87f0",
                "sha256:f61bdb1df43dc9c131791fbc2355535f9024b9a04398d3bd0684fc16ab07df74",
                "sha256:fb06eea71a00a7af0ae6aefbb932fb8a7df3cb390cc217d51a9ad7343de1b8d0",
                "sha256:ffd7dcaf744f25f82190856bc26ed81721508fc5cbf2a330751e135ff1283564"
            ],
            "index": "pip_conf_index_global",
            "version": "==11.0.3"
        },
        "wget": {
            "hashes": [
                "sha256:35e630eca2aa50ce998b9b1a127bb26b30dfee573702782aa982f875e3f16061"
            ],
            "index": "pip_conf_index_global",
            "version": "==3.2"
        },
        "win32-setctime": {
            "hashes": [
                "sha256:15cf5750465118d6929ae4de4eb46e8edae9a5634350c01ba582df868e932cb2",
                "sha256:231db239e959c2fe7eb1d7dc129f11172354f98361c4fa2d6d2d7e278baa8aad"
            ],
            "markers": "sys_platform == 'win32'",
            "version": "==1.1.0"
        }
    },
    "develop": {}
}
